Microsoft Visual Studio Solution File, Format Version 12.00
# Visual Studio Version 17
VisualStudioVersion = 17.5.2.0
MinimumVisualStudioVersion = 10.0.40219.1
Project("{FAE04EC0-301F-11D3-BF4B-00C04F79EFBC}") = "CS202_Lab10_Activity2", "CS202_Lab10_Activity2.csproj", "{D59DECAB-DF19-B064-6911-F7A0AADD411D}"
EndProject
Global
	GlobalSection(SolutionConfigurationPlatforms) = preSolution
		Debug|Any CPU = Debug|Any CPU
		Release|Any CPU = Release|Any CPU
	EndGlobalSection
	GlobalSection(ProjectConfigurationPlatforms) = postSolution
		{D59DECAB-DF19-B064-6911-F7A0AADD411D}.Debug|Any CPU.ActiveCfg = Debug|Any CPU
		{D59DECAB-DF19-B064-6911-F7A0AADD411D}.Debug|Any CPU.Build.0 = Debug|Any CPU
		{D59DECAB-DF19-B064-6911-F7A0AADD411D}.Release|Any CPU.ActiveCfg = Release|Any CPU
		{D59DECAB-DF19-B064-6911-F7A0AADD411D}.Release|Any CPU.Build.0 = Release|Any CPU
	EndGlobalSection
	GlobalSection(SolutionProperties) = preSolution
		HideSolutionNode = FALSE
	EndGlobalSection
	GlobalSection(ExtensibilityGlobals) = postSolution
		SolutionGuid = {CC37442B-6942-45AD-B0EF-916BEC75EB40}
	EndGlobalSection
EndGlobal
